
Microsoft Visual Studio Solution File, Format Version 12.00
# Visual Studio Version 17
VisualStudioVersion = 17.5.002.0
MinimumVisualStudioVersion = 10.0.40219.1
Project("{2150E333-8FDC-42A3-9474-1A3956D46DE8}") = "sandbox", "sandbox", "{19FA1E77-C332-49A3-B58F-FC2AEE3162C2}"
EndProject
Project("{9A19103F-16F7-4668-BE54-9A1E7A4F7556}") = "sandbox_project", "sandbox\sandbox_project\sandbox_project.csproj", "{66E72EC6-DB21-450B-85DD-51A41EFEF090}"
EndProject
Project("{2150E333-8FDC-42A3-9474-1A3956D46DE8}") = "week01", "week01", "{157EA391-768E-4A65-8583-92D0AEBD139B}"
EndProject
Project("{9A19103F-16F7-4668-BE54-9A1E7A4F7556}") = "analyze", "week01\analyze\analyze.csproj", "{3B0DD4C8-69C3-4348-9B5E-DCE52E8A19E4}"
EndProject
Project("{9A19103F-16F7-4668-BE54-9A1E7A4F7556}") = "code", "week01\code\code.csproj", "{72B1F8A5-D091-45DC-A775-8ADEF5D6DCA4}"
EndProject
Project("{9A19103F-16F7-4668-BE54-9A1E7A4F7556}") = "teach", "week01\teach\teach.csproj", "{479AF30D-7D3D-42A5-A1EF-F6513C613737}"
EndProject
Project("{2150E333-8FDC-42A3-9474-1A3956D46DE8}") = "week02", "week02", "{4D533F52-3007-45DC-8F75-689481FE4C44}"
EndProject
Project("{9A19103F-16F7-4668-BE54-9A1E7A4F7556}") = "analyze", "week02\analyze\analyze.csproj", "{CE268E23-BB0A-4BAF-843F-E9828132B883}"
EndProject
Project("{9A19103F-16F7-4668-BE54-9A1E7A4F7556}") = "code", "week02\code\code.csproj", "{0CED477F-211F-4830-8E56-F80569B8CE60}"
EndProject
Project("{9A19103F-16F7-4668-BE54-9A1E7A4F7556}") = "learn", "week02\learn\learn.csproj", "{B46F35FD-4F54-4173-A262-D862916C3320}"
EndProject
Project("{9A19103F-16F7-4668-BE54-9A1E7A4F7556}") = "teach", "week02\teach\teach.csproj", "{962DC5A3-BA8D-413E-B0A6-4604088996A1}"
EndProject
Project("{2150E333-8FDC-42A3-9474-1A3956D46DE8}") = "week03", "week03", "{756C2155-C8C8-4270-AC78-2B7DDA613429}"
EndProject
Project("{9A19103F-16F7-4668-BE54-9A1E7A4F7556}") = "code", "week03\code\code.csproj", "{CC4E67E3-452B-4640-B1C7-211942F7DBEC}"
EndProject
Project("{9A19103F-16F7-4668-BE54-9A1E7A4F7556}") = "learn", "week03\learn\learn.csproj", "{C4B4C24A-19B4-41AF-AF99-D4F801F01706}"
EndProject
Project("{9A19103F-16F7-4668-BE54-9A1E7A4F7556}") = "teach", "week03\teach\teach.csproj", "{909BC1F6-4F07-49A1-9E25-FA840428D321}"
EndProject
Project("{2150E333-8FDC-42A3-9474-1A3956D46DE8}") = "week04", "week04", "{FE57AFEA-69F5-4231-A093-5F932DD57256}"
EndProject
Project("{9A19103F-16F7-4668-BE54-9A1E7A4F7556}") = "code", "week04\code\code.csproj", "{88FCB977-0920-4800-B7E4-DCB212F1D754}"
EndProject
Project("{2150E333-8FDC-42A3-9474-1A3956D46DE8}") = "week05", "week05", "{7A81A3FB-652B-4DF0-9FDA-E790A995CEB1}"
EndProject
Project("{9A19103F-16F7-4668-BE54-9A1E7A4F7556}") = "code", "week05\code\code.csproj", "{5E81BCB1-2849-4325-8DE5-6B95DD26C23E}"
EndProject
Project("{2150E333-8FDC-42A3-9474-1A3956D46DE8}") = "week06", "week06", "{32AFA1E7-B9EB-45C4-B1D9-498D78CC6F78}"
EndProject
Project("{9A19103F-16F7-4668-BE54-9A1E7A4F7556}") = "code", "week06\code\code.csproj", "{EC41B80C-9D96-4FA7-9F95-06AED18ED2A0}"
EndProject
Global
	GlobalSection(SolutionConfigurationPlatforms) = preSolution
		Debug|Any CPU = Debug|Any CPU
		Release|Any CPU = Release|Any CPU
	EndGlobalSection
	GlobalSection(ProjectConfigurationPlatforms) = postSolution
		{66E72EC6-DB21-450B-85DD-51A41EFEF090}.Debug|Any CPU.ActiveCfg = Debug|Any CPU
		{66E72EC6-DB21-450B-85DD-51A41EFEF090}.Debug|Any CPU.Build.0 = Debug|Any CPU
		{66E72EC6-DB21-450B-85DD-51A41EFEF090}.Release|Any CPU.ActiveCfg = Release|Any CPU
		{66E72EC6-DB21-450B-85DD-51A41EFEF090}.Release|Any CPU.Build.0 = Release|Any CPU
		{3B0DD4C8-69C3-4348-9B5E-DCE52E8A19E4}.Debug|Any CPU.ActiveCfg = Debug|Any CPU
		{3B0DD4C8-69C3-4348-9B5E-DCE52E8A19E4}.Debug|Any CPU.Build.0 = Debug|Any CPU
		{3B0DD4C8-69C3-4348-9B5E-DCE52E8A19E4}.Release|Any CPU.ActiveCfg = Release|Any CPU
		{3B0DD4C8-69C3-4348-9B5E-DCE52E8A19E4}.Release|Any CPU.Build.0 = Release|Any CPU
		{72B1F8A5-D091-45DC-A775-8ADEF5D6DCA4}.Debug|Any CPU.ActiveCfg = Debug|Any CPU
		{72B1F8A5-D091-45DC-A775-8ADEF5D6DCA4}.Debug|Any CPU.Build.0 = Debug|Any CPU
		{72B1F8A5-D091-45DC-A775-8ADEF5D6DCA4}.Release|Any CPU.ActiveCfg = Release|Any CPU
		{72B1F8A5-D091-45DC-A775-8ADEF5D6DCA4}.Release|Any CPU.Build.0 = Release|Any CPU
		{479AF30D-7D3D-42A5-A1EF-F6513C613737}.Debug|Any CPU.ActiveCfg = Debug|Any CPU
		{479AF30D-7D3D-42A5-A1EF-F6513C613737}.Debug|Any CPU.Build.0 = Debug|Any CPU
		{479AF30D-7D3D-42A5-A1EF-F6513C613737}.Release|Any CPU.ActiveCfg = Release|Any CPU
		{479AF30D-7D3D-42A5-A1EF-F6513C613737}.Release|Any CPU.Build.0 = Release|Any CPU
		{CE268E23-BB0A-4BAF-843F-E9828132B883}.Debug|Any CPU.ActiveCfg = Debug|Any CPU
		{CE268E23-BB0A-4BAF-843F-E9828132B883}.Debug|Any CPU.Build.0 = Debug|Any CPU
		{CE268E23-BB0A-4BAF-843F-E9828132B883}.Release|Any CPU.ActiveCfg = Release|Any CPU
		{CE268E23-BB0A-4BAF-843F-E9828132B883}.Release|Any CPU.Build.0 = Release|Any CPU
		{0CED477F-211F-4830-8E56-F80569B8CE60}.Debug|Any CPU.ActiveCfg = Debug|Any CPU
		{0CED477F-211F-4830-8E56-F80569B8CE60}.Debug|Any CPU.Build.0 = Debug|Any CPU
		{0CED477F-211F-4830-8E56-F80569B8CE60}.Release|Any CPU.ActiveCfg = Release|Any CPU
		{0CED477F-211F-4830-8E56-F80569B8CE60}.Release|Any CPU.Build.0 = Release|Any CPU
		{B46F35FD-4F54-4173-A262-D862916C3320}.Debug|Any CPU.ActiveCfg = Debug|Any CPU
		{B46F35FD-4F54-4173-A262-D862916C3320}.Debug|Any CPU.Build.0 = Debug|Any CPU
		{B46F35FD-4F54-4173-A262-D862916C3320}.Release|Any CPU.ActiveCfg = Release|Any CPU
		{B46F35FD-4F54-4173-A262-D862916C3320}.Release|Any CPU.Build.0 = Release|Any CPU
		{962DC5A3-BA8D-413E-B0A6-4604088996A1}.Debug|Any CPU.ActiveCfg = Debug|Any CPU
		{962DC5A3-BA8D-413E-B0A6-4604088996A1}.Debug|Any CPU.Build.0 = Debug|Any CPU
		{962DC5A3-BA8D-413E-B0A6-4604088996A1}.Release|Any CPU.ActiveCfg = Release|Any CPU
		{962DC5A3-BA8D-413E-B0A6-4604088996A1}.Release|Any CPU.Build.0 = Release|Any CPU
		{CC4E67E3-452B-4640-B1C7-211942F7DBEC}.Debug|Any CPU.ActiveCfg = Debug|Any CPU
		{CC4E67E3-452B-4640-B1C7-211942F7DBEC}.Debug|Any CPU.Build.0 = Debug|Any CPU
		{CC4E67E3-452B-4640-B1C7-211942F7DBEC}.Release|Any CPU.ActiveCfg = Release|Any CPU
		{CC4E67E3-452B-4640-B1C7-211942F7DBEC}.Release|Any CPU.Build.0 = Release|Any CPU
		{C4B4C24A-19B4-41AF-AF99-D4F801F01706}.Debug|Any CPU.ActiveCfg = Debug|Any CPU
		{C4B4C24A-19B4-41AF-AF99-D4F801F01706}.Debug|Any CPU.Build.0 = Debug|Any CPU
		{C4B4C24A-19B4-41AF-AF99-D4F801F01706}.Release|Any CPU.ActiveCfg = Release|Any CPU
		{C4B4C24A-19B4-41AF-AF99-D4F801F01706}.Release|Any CPU.Build.0 = Release|Any CPU
		{909BC1F6-4F07-49A1-9E25-FA840428D321}.Debug|Any CPU.ActiveCfg = Debug|Any CPU
		{909BC1F6-4F07-49A1-9E25-FA840428D321}.Debug|Any CPU.Build.0 = Debug|Any CPU
		{909BC1F6-4F07-49A1-9E25-FA840428D321}.Release|Any CPU.ActiveCfg = Release|Any CPU
		{909BC1F6-4F07-49A1-9E25-FA840428D321}.Release|Any CPU.Build.0 = Release|Any CPU
		{88FCB977-0920-4800-B7E4-DCB212F1D754}.Debug|Any CPU.ActiveCfg = Debug|Any CPU
		{88FCB977-0920-4800-B7E4-DCB212F1D754}.Debug|Any CPU.Build.0 = Debug|Any CPU
		{88FCB977-0920-4800-B7E4-DCB212F1D754}.Release|Any CPU.ActiveCfg = Release|Any CPU
		{88FCB977-0920-4800-B7E4-DCB212F1D754}.Release|Any CPU.Build.0 = Release|Any CPU
		{5E81BCB1-2849-4325-8DE5-6B95DD26C23E}.Debug|Any CPU.ActiveCfg = Debug|Any CPU
		{5E81BCB1-2849-4325-8DE5-6B95DD26C23E}.Debug|Any CPU.Build.0 = Debug|Any CPU
		{5E81BCB1-2849-4325-8DE5-6B95DD26C23E}.Release|Any CPU.ActiveCfg = Release|Any CPU
		{5E81BCB1-2849-4325-8DE5-6B95DD26C23E}.Release|Any CPU.Build.0 = Release|Any CPU
		{EC41B80C-9D96-4FA7-9F95-06AED18ED2A0}.Debug|Any CPU.ActiveCfg = Debug|Any CPU
		{EC41B80C-9D96-4FA7-9F95-06AED18ED2A0}.Debug|Any CPU.Build.0 = Debug|Any CPU
		{EC41B80C-9D96-4FA7-9F95-06AED18ED2A0}.Release|Any CPU.ActiveCfg = Release|Any CPU
		{EC41B80C-9D96-4FA7-9F95-06AED18ED2A0}.Release|Any CPU.Build.0 = Release|Any CPU
	EndGlobalSection
	GlobalSection(SolutionProperties) = preSolution
		HideSolutionNode = FALSE
	EndGlobalSection
	GlobalSection(NestedProjects) = preSolution
		{66E72EC6-DB21-450B-85DD-51A41EFEF090} = {19FA1E77-C332-49A3-B58F-FC2AEE3162C2}
		{3B0DD4C8-69C3-4348-9B5E-DCE52E8A19E4} = {157EA391-768E-4A65-8583-92D0AEBD139B}
		{72B1F8A5-D091-45DC-A775-8ADEF5D6DCA4} = {157EA391-768E-4A65-8583-92D0AEBD139B}
		{479AF30D-7D3D-42A5-A1EF-F6513C613737} = {157EA391-768E-4A65-8583-92D0AEBD139B}
		{CE268E23-BB0A-4BAF-843F-E9828132B883} = {4D533F52-3007-45DC-8F75-689481FE4C44}
		{0CED477F-211F-4830-8E56-F80569B8CE60} = {4D533F52-3007-45DC-8F75-689481FE4C44}
		{B46F35FD-4F54-4173-A262-D862916C3320} = {4D533F52-3007-45DC-8F75-689481FE4C44}
		{962DC5A3-BA8D-413E-B0A6-4604088996A1} = {4D533F52-3007-45DC-8F75-689481FE4C44}
		{CC4E67E3-452B-4640-B1C7-211942F7DBEC} = {756C2155-C8C8-4270-AC78-2B7DDA613429}
		{C4B4C24A-19B4-41AF-AF99-D4F801F01706} = {756C2155-C8C8-4270-AC78-2B7DDA613429}
		{909BC1F6-4F07-49A1-9E25-FA840428D321} = {756C2155-C8C8-4270-AC78-2B7DDA613429}
		{88FCB977-0920-4800-B7E4-DCB212F1D754} = {FE57AFEA-69F5-4231-A093-5F932DD57256}
		{5E81BCB1-2849-4325-8DE5-6B95DD26C23E} = {7A81A3FB-652B-4DF0-9FDA-E790A995CEB1}
		{EC41B80C-9D96-4FA7-9F95-06AED18ED2A0} = {32AFA1E7-B9EB-45C4-B1D9-498D78CC6F78}
	EndGlobalSection
	GlobalSection(ExtensibilityGlobals) = postSolution
		SolutionGuid = {FA34E007-961C-4B9D-BBDF-A522E76A3202}
	EndGlobalSection
EndGlobal
